<?xml version="1.0" encoding="utf-8"?>
<Project ToolsVersion="4.0" xmlns="http://schemas.microsoft.com/developer/msbuild/2003">
  <ItemGroup>
    <Filter Include="Resource Files">
      <UniqueIdentifier>{986239f0-1ba4-4acb-8aa8-033187502f84}</UniqueIdentifier>
    </Filter>
    <Filter Include="Source Files">
      <UniqueIdentifier>{4FC737F1-C7A5-4376-A066-2A32D752A2FF}</UniqueIdentifier>
      <Extensions>cpp;c;cc;cxx;def;odl;idl;hpj;bat;asm;asmx</Extensions>
    </Filter>
    <Filter Include="Source Files\Voting">
      <UniqueIdentifier>{dbbb1c82-73f1-4684-97a4-6192815dd6ca}</UniqueIdentifier>
    </Filter>
    <Filter Include="Source Files\Voting\Methods">
      <UniqueIdentifier>{17b882ca-7f3e-4681-8bc8-993caef68525}</UniqueIdentifier>
    </Filter>
    <Filter Include="Source Files\Voting\Temp">
      <UniqueIdentifier>{b2f66d03-6e79-4a54-8db4-05890785b0e1}</UniqueIdentifier>
    </Filter>
    <Filter Include="Source Files\Voting\Methods\Base Class">
      <UniqueIdentifier>{d1a1477b-c5f1-4866-ad65-a7d8ae0440c1}</UniqueIdentifier>
    </Filter>
    <Filter Include="Source Files\Voting\Methods\Single Winner">
      <UniqueIdentifier>{34e68643-7a99-4343-9bc9-626cd8d84807}</UniqueIdentifier>
    </Filter>
    <Filter Include="Source Files\Voting\Methods\Single Winner\Base Class">
      <UniqueIdentifier>{d674f914-ccb3-4e2c-8a66-b38d96a6c349}</UniqueIdentifier>
    </Filter>
    <Filter Include="Source Files\Voting\Methods\Multi Winner">
      <UniqueIdentifier>{2954b3c4-b423-4b67-8e3c-51b741319b6a}</UniqueIdentifier>
    </Filter>
    <Filter Include="Source Files\Voting\Methods\Multi Winner\Optimal">
      <UniqueIdentifier>{7987a799-3c8b-46f1-acf6-325774e96478}</UniqueIdentifier>
    </Filter>
    <Filter Include="Source Files\Voting\Methods\Multi Winner\Optimal\Base Class">
      <UniqueIdentifier>{cb7584fe-9986-4a91-ac04-e76c21503418}</UniqueIdentifier>
    </Filter>
    <Filter Include="Source Files\Voting\Methods\Multi Winner\Optimal\Non Standard Optimal">
      <UniqueIdentifier>{eaf8011e-2e57-4c2b-acac-0d2a56675e74}</UniqueIdentifier>
    </Filter>
    <Filter Include="Source Files\Voting\Methods\Multi Winner\Sequential">
      <UniqueIdentifier>{f60feebe-8b93-4cbc-b57a-c99442790713}</UniqueIdentifier>
    </Filter>
    <Filter Include="Source Files\Voting\Methods\Multi Winner\Sequential\Base Class">
      <UniqueIdentifier>{cc46ea2c-dee0-43b3-9a97-c51b421b22a6}</UniqueIdentifier>
    </Filter>
    <Filter Include="Source Files\Voting\Methods\Multi Winner\Sequential\Component Structured">
      <UniqueIdentifier>{aa4610b4-9473-4846-8061-078b6cc943bd}</UniqueIdentifier>
    </Filter>
    <Filter Include="Source Files\Voting\Methods\Multi Winner\Sequential\Component Structured\Base Class">
      <UniqueIdentifier>{6963d0ea-75c1-4f98-8835-2d108b1fdfd0}</UniqueIdentifier>
    </Filter>
    <Filter Include="Source Files\Voting\Methods\Multi Winner\Sequential\Component Structured\Non Standard Structure">
      <UniqueIdentifier>{c09b1377-f972-4b55-a38a-9516969e141c}</UniqueIdentifier>
    </Filter>
    <Filter Include="Source Files\Voting\Methods\Multi Winner\Sequential\Component Structured\Non Standard Structure\Apportioned Cardinal Voting">
      <UniqueIdentifier>{d524d433-e2ab-4e36-916d-1d8f5bcd4505}</UniqueIdentifier>
    </Filter>
    <Filter Include="Source Files\Voting\Methods\Multi Winner\Sequential\Component Structured\Non Standard Structure\Apportioned Cardinal Voting\Base Class">
      <UniqueIdentifier>{0b538060-eaa3-4017-b9f3-03a0b2720c4f}</UniqueIdentifier>
    </Filter>
    <Filter Include="Source Files\Voting\Methods\Multi Winner\Sequential\Component Structured\Non Standard Structure\Final Round Structure">
      <UniqueIdentifier>{60254d8e-9ed9-4ec8-aa6c-228fc2ce6567}</UniqueIdentifier>
    </Filter>
    <Filter Include="Source Files\Voting\Methods\Multi Winner\Sequential\Component Structured\Non Standard Structure\Final Round Structure\Base Class">
      <UniqueIdentifier>{7523f8c2-0911-4c8a-b31e-49d5cc43adc2}</UniqueIdentifier>
    </Filter>
    <Filter Include="Source Files\Voting\Methods\Multi Winner\Sequential\Ordering Methods">
      <UniqueIdentifier>{00a0fc40-71fb-4146-9080-fe01e029a1c7}</UniqueIdentifier>
    </Filter>
    <Filter Include="Source Files\Voting\Methods\Multi Winner\Sequential\Ordering Methods\Derived Ordering">
      <UniqueIdentifier>{6772415b-ea44-4008-8e9d-b0698de6bcd7}</UniqueIdentifier>
    </Filter>
    <Filter Include="Source Files\Voting\Methods\Multi Winner\Sequential\Ordering Methods\Derived Ordering\Base Class">
      <UniqueIdentifier>{67d48b7c-0da9-4d21-9636-005a9869831a}</UniqueIdentifier>
    </Filter>
    <Filter Include="Source Files\Voting\Methods\Multi Winner\Sequential\Ordering Methods\Base Class">
      <UniqueIdentifier>{f60b421d-9597-443f-905f-5a05718924a2}</UniqueIdentifier>
    </Filter>
    <Filter Include="Source Files\Voting\Methods\Multi Winner\Sequential\Ordering Methods\Selection Only">
      <UniqueIdentifier>{cdec7ba2-4269-47bf-9e07-a28cfc754252}</UniqueIdentifier>
    </Filter>
    <Filter Include="Source Files\Voting\Methods\Multi Winner\Sequential\Ordering Methods\Selection Only\Base Class">
      <UniqueIdentifier>{61eed869-a523-4e30-8959-d9187d88498a}</UniqueIdentifier>
    </Filter>
    <Filter Include="Source Files\Voting\Methods\Multi Winner\Base Class">
      <UniqueIdentifier>{7cec7d5f-2d2c-47b4-ba19-caf193eb3310}</UniqueIdentifier>
    </Filter>
    <Filter Include="Source Files\Voting\Methods\Components">
      <UniqueIdentifier>{9b685191-c23e-4d4d-81f5-3bc2e52d326b}</UniqueIdentifier>
    </Filter>
    <Filter Include="Source Files\Voting\Methods\Components\Reweighting Components">
      <UniqueIdentifier>{0e25e424-60bf-4390-8e3a-4f77c0b29f17}</UniqueIdentifier>
    </Filter>
    <Filter Include="Source Files\Voting\Methods\Components\Reweighting Components\Base Class">
      <UniqueIdentifier>{6c8c80f1-2ad2-4f22-8bc9-6ef319c5f67d}</UniqueIdentifier>
    </Filter>
    <Filter Include="Source Files\Voting\Methods\Components\Selection Components">
      <UniqueIdentifier>{61e8e959-be25-4494-96ef-c5c82534d9d1}</UniqueIdentifier>
    </Filter>
    <Filter Include="Source Files\Voting\Methods\Components\Selection Components\Base Class">
      <UniqueIdentifier>{4e0f9f2d-e887-4358-95ac-5ae79f1363a8}</UniqueIdentifier>
    </Filter>
    <Filter Include="Source Files\Voting\Methods\Components\Transformation Components">
      <UniqueIdentifier>{8bd72191-e619-4222-b79a-e9af886a3806}</UniqueIdentifier>
    </Filter>
    <Filter Include="Source Files\Voting\Methods\Components\Transformation Components\Base Class">
      <UniqueIdentifier>{4ede4085-a94f-4084-8696-7062e1abbdfa}</UniqueIdentifier>
    </Filter>
    <Filter Include="Source Files\Voting\Election">
      <UniqueIdentifier>{2f7387c2-0cfd-4fef-801b-e3fd996d74e8}</UniqueIdentifier>
    </Filter>
    <Filter Include="Source Files\Voting\Election\Components">
      <UniqueIdentifier>{0f722bea-129e-46fe-869a-c1ccad9c3fee}</UniqueIdentifier>
    </Filter>
    <Filter Include="Source Files\Voting\Election\Components\Domain">
      <UniqueIdentifier>{a66c12b1-22cd-4682-ac8c-f6bec928bc82}</UniqueIdentifier>
    </Filter>
    <Filter Include="Source Files\Voting\Election\Components\Ballots">
      <UniqueIdentifier>{9d06b129-da94-47fb-9d16-c4aec3528fec}</UniqueIdentifier>
    </Filter>
    <Filter Include="Source Files\Voting\Election\Components\Ballots\Base Class">
      <UniqueIdentifier>{e0a3b32f-4dfb-4294-8e64-a5eaf22760c2}</UniqueIdentifier>
    </Filter>
    <Filter Include="Source Files\Voting\Election\Components\Ballots\Cardinal">
      <UniqueIdentifier>{d94d7764-dbdf-45fb-a80d-456d58673c06}</UniqueIdentifier>
    </Filter>
    <Filter Include="Source Files\Voting\Election\Components\Ballots\Cardinal\With Additional Information">
      <UniqueIdentifier>{a0146b3a-53bb-4adc-97b7-edfa993bd270}</UniqueIdentifier>
    </Filter>
    <Filter Include="Source Files\Voting\Election\Components\Ballots\Approval">
      <UniqueIdentifier>{25eeddaf-66cc-4fa6-bab0-04a86eb919ae}</UniqueIdentifier>
    </Filter>
    <Filter Include="Source Files\Voting\Election\Components\Ballots\FPTP">
      <UniqueIdentifier>{6a3b500b-2bd8-4497-9c6e-2d777661a341}</UniqueIdentifier>
    </Filter>
    <Filter Include="Source Files\Voting\Election\Components\Ballots\Ordinal">
      <UniqueIdentifier>{682032ca-dbdc-429d-ba49-1119a82beace}</UniqueIdentifier>
    </Filter>
    <Filter Include="Source Files\Voting\Election\Components\Results">
      <UniqueIdentifier>{9888dae8-8de4-4475-b878-44ee18c3523c}</UniqueIdentifier>
    </Filter>
  </ItemGroup>
  <ItemGroup>
    <ClCompile Include="Barycentric.cpp">
      <Filter>Resource Files</Filter>
    </ClCompile>
    <ClCompile Include="Vector2D.cpp">
      <Filter>Resource Files</Filter>
    </ClCompile>
    <ClCompile Include="ApportionmentAlgorithems.cpp">
      <Filter>Source Files\Voting\Temp</Filter>
    </ClCompile>
    <ClCompile Include="TemperaryMethods.cpp">
      <Filter>Source Files\Voting\Temp</Filter>
    </ClCompile>
    <ClCompile Include="MathFunctions.cpp">
      <Filter>Resource Files</Filter>
    </ClCompile>
    <ClCompile Include="ternaryPlot.cpp">
      <Filter>Source Files</Filter>
    </ClCompile>
    <ClCompile Include="Random.cpp">
      <Filter>Resource Files</Filter>
    </ClCompile>
    <ClCompile Include="Outcome.cpp">
      <Filter>Source Files\Voting\Election\Components\Results</Filter>
    </ClCompile>
    <ClCompile Include="LinearDivisor.cpp">
      <Filter>Source Files\Voting\Methods\Components\Reweighting Components</Filter>
    </ClCompile>
    <ClCompile Include="KPT.cpp">
      <Filter>Source Files\Voting\Methods\Components\Transformation Components</Filter>
    </ClCompile>
    <ClCompile Include="PT.cpp">
      <Filter>Source Files\Voting\Methods\Components\Transformation Components</Filter>
    </ClCompile>
    <ClCompile Include="ScoreSelection.cpp">
      <Filter>Source Files\Voting\Methods\Components\Selection Components</Filter>
    </ClCompile>
    <ClCompile Include="NoTransformation.cpp">
      <Filter>Source Files\Voting\Methods\Components\Transformation Components</Filter>
    </ClCompile>
    <ClCompile Include="SequentialEbert.cpp">
      <Filter>Source Files\Voting\Methods\Multi Winner\Sequential\Ordering Methods\Derived Ordering</Filter>
    </ClCompile>
    <ClCompile Include="MonroeOrdering.cpp">
      <Filter>Source Files\Voting\Methods\Multi Winner\Sequential\Ordering Methods\Derived Ordering</Filter>
    </ClCompile>
    <ClCompile Include="PSIOrdering.cpp">
      <Filter>Source Files\Voting\Methods\Multi Winner\Sequential\Ordering Methods\Derived Ordering</Filter>
    </ClCompile>
    <ClCompile Include="HarmonicPTOrdering.cpp">
      <Filter>Source Files\Voting\Methods\Multi Winner\Sequential\Ordering Methods\Derived Ordering</Filter>
    </ClCompile>
    <ClCompile Include="UnitaryOrdering.cpp">
      <Filter>Source Files\Voting\Methods\Multi Winner\Sequential\Ordering Methods\Derived Ordering</Filter>
    </ClCompile>
    <ClCompile Include="LeastSquaresOrdering.cpp">
      <Filter>Source Files\Voting\Methods\Multi Winner\Sequential\Ordering Methods\Derived Ordering</Filter>
    </ClCompile>
    <ClCompile Include="AllocatedScore.cpp">
      <Filter>Source Files\Voting\Methods\Multi Winner\Sequential\Component Structured</Filter>
    </ClCompile>
    <ClCompile Include="AllocatedSTAR.cpp">
      <Filter>Source Files\Voting\Methods\Multi Winner\Sequential\Component Structured</Filter>
    </ClCompile>
    <ClCompile Include="HareSelection.cpp">
      <Filter>Source Files\Voting\Methods\Components\Selection Components</Filter>
    </ClCompile>
    <ClCompile Include="STARSelection.cpp">
      <Filter>Source Files\Voting\Methods\Components\Selection Components</Filter>
    </ClCompile>
    <ClCompile Include="UnitaryCapping.cpp">
      <Filter>Source Files\Voting\Methods\Components\Reweighting Components</Filter>
    </ClCompile>
    <ClCompile Include="ComponentStructured.cpp">
      <Filter>Source Files\Voting\Methods\Multi Winner\Sequential\Component Structured\Base Class</Filter>
    </ClCompile>
    <ClCompile Include="OrderingMethod.cpp">
      <Filter>Source Files\Voting\Methods\Multi Winner\Sequential\Ordering Methods\Base Class</Filter>
    </ClCompile>
    <ClCompile Include="DerivedOrdering.cpp">
      <Filter>Source Files\Voting\Methods\Multi Winner\Sequential\Ordering Methods\Derived Ordering\Base Class</Filter>
    </ClCompile>
    <ClCompile Include="RRV.cpp">
      <Filter>Source Files\Voting\Methods\Multi Winner\Sequential\Ordering Methods</Filter>
    </ClCompile>
    <ClCompile Include="SPAV.cpp">
      <Filter>Source Files\Voting\Methods\Multi Winner\Sequential\Ordering Methods</Filter>
    </ClCompile>
    <ClCompile Include="SPSV.cpp">
      <Filter>Source Files\Voting\Methods\Multi Winner\Sequential\Ordering Methods</Filter>
    </ClCompile>
    <ClCompile Include="SequentialMethod.cpp">
      <Filter>Source Files\Voting\Methods\Multi Winner\Sequential\Base Class</Filter>
    </ClCompile>
    <ClCompile Include="OptimalMethod.cpp">
      <Filter>Source Files\Voting\Methods\Multi Winner\Optimal\Base Class</Filter>
    </ClCompile>
    <ClCompile Include="VotingMethod.cpp">
      <Filter>Source Files\Voting\Methods\Base Class</Filter>
    </ClCompile>
    <ClCompile Include="SingleWinnerMethod.cpp">
      <Filter>Source Files\Voting\Methods\Single Winner\Base Class</Filter>
    </ClCompile>
    <ClCompile Include="Ebert.cpp">
      <Filter>Source Files\Voting\Methods\Multi Winner\Optimal</Filter>
    </ClCompile>
    <ClCompile Include="Harmonic.cpp">
      <Filter>Source Files\Voting\Methods\Multi Winner\Optimal</Filter>
    </ClCompile>
    <ClCompile Include="HarmonicPT.cpp">
      <Filter>Source Files\Voting\Methods\Multi Winner\Optimal</Filter>
    </ClCompile>
    <ClCompile Include="LeastSquares.cpp">
      <Filter>Source Files\Voting\Methods\Multi Winner\Optimal</Filter>
    </ClCompile>
    <ClCompile Include="PAV.cpp">
      <Filter>Source Files\Voting\Methods\Multi Winner\Optimal</Filter>
    </ClCompile>
    <ClCompile Include="PSI.cpp">
      <Filter>Source Files\Voting\Methods\Multi Winner\Optimal</Filter>
    </ClCompile>
    <ClCompile Include="Unitary.cpp">
      <Filter>Source Files\Voting\Methods\Multi Winner\Optimal</Filter>
    </ClCompile>
    <ClCompile Include="SequentialMonroe.cpp">
      <Filter>Source Files\Voting\Methods\Multi Winner\Sequential</Filter>
    </ClCompile>
    <ClCompile Include="SequentiallySpentScore.cpp">
      <Filter>Source Files\Voting\Methods\Multi Winner\Sequential\Component Structured</Filter>
    </ClCompile>
    <ClCompile Include="PASMAC.cpp">
      <Filter>Source Files\Voting\Methods\Multi Winner\Optimal</Filter>
    </ClCompile>
    <ClCompile Include="PASMACOrdering.cpp">
      <Filter>Source Files\Voting\Methods\Multi Winner\Sequential\Ordering Methods\Derived Ordering</Filter>
    </ClCompile>
    <ClCompile Include="ApportionedScoreVoting.cpp">
      <Filter>Source Files\Voting\Methods\Multi Winner\Sequential\Component Structured\Non Standard Structure\Apportioned Cardinal Voting</Filter>
    </ClCompile>
    <ClCompile Include="ApportionedSTARVoting.cpp">
      <Filter>Source Files\Voting\Methods\Multi Winner\Sequential\Component Structured\Non Standard Structure\Apportioned Cardinal Voting</Filter>
    </ClCompile>
    <ClCompile Include="ReweightedSTAR.cpp">
      <Filter>Source Files\Voting\Methods\Multi Winner\Sequential\Component Structured\Non Standard Structure\Final Round Structure</Filter>
    </ClCompile>
    <ClCompile Include="SequentialMonroe_STAR.cpp">
      <Filter>Source Files\Voting\Methods\Multi Winner\Sequential\Component Structured\Non Standard Structure\Final Round Structure</Filter>
    </ClCompile>
    <ClCompile Include="ApportionedCardinalVoting.cpp">
      <Filter>Source Files\Voting\Methods\Multi Winner\Sequential\Component Structured\Non Standard Structure\Apportioned Cardinal Voting\Base Class</Filter>
    </ClCompile>
    <ClCompile Include="HareRRV.cpp">
      <Filter>Source Files\Voting\Methods\Multi Winner\Sequential\Component Structured</Filter>
    </ClCompile>
    <ClCompile Include="HareSPAV.cpp">
      <Filter>Source Files\Voting\Methods\Multi Winner\Sequential\Component Structured</Filter>
    </ClCompile>
    <ClCompile Include="HareSequentiallySpentScore.cpp">
      <Filter>Source Files\Voting\Methods\Multi Winner\Sequential\Component Structured</Filter>
    </ClCompile>
    <ClCompile Include="DistributedMultiWinner.cpp">
      <Filter>Source Files\Voting\Methods\Multi Winner\Sequential</Filter>
    </ClCompile>
    <ClCompile Include="STV.cpp">
      <Filter>Source Files\Voting\Methods\Multi Winner\Sequential</Filter>
    </ClCompile>
    <ClCompile Include="SchulzeSTV.cpp">
      <Filter>Source Files\Voting\Methods\Multi Winner\Optimal\Non Standard Optimal</Filter>
    </ClCompile>
    <ClCompile Include="CPOSTV.cpp">
      <Filter>Source Files\Voting\Methods\Multi Winner\Optimal\Non Standard Optimal</Filter>
    </ClCompile>
    <ClCompile Include="DirectSmithSetScore.cpp">
      <Filter>Source Files\Voting\Methods\Multi Winner\Optimal\Non Standard Optimal</Filter>
    </ClCompile>
    <ClCompile Include="InderectSmithSetScore.cpp">
      <Filter>Source Files\Voting\Methods\Multi Winner\Optimal\Non Standard Optimal</Filter>
    </ClCompile>
    <ClCompile Include="BlocApproval.cpp">
      <Filter>Source Files\Voting\Methods\Multi Winner\Sequential\Ordering Methods\Selection Only</Filter>
    </ClCompile>
    <ClCompile Include="BlocScore.cpp">
      <Filter>Source Files\Voting\Methods\Multi Winner\Sequential\Ordering Methods\Selection Only</Filter>
    </ClCompile>
    <ClCompile Include="BlocSTAR.cpp">
      <Filter>Source Files\Voting\Methods\Multi Winner\Sequential\Ordering Methods\Selection Only</Filter>
    </ClCompile>
    <ClCompile Include="Cumulative.cpp">
      <Filter>Source Files\Voting\Methods\Multi Winner\Sequential\Ordering Methods\Selection Only</Filter>
    </ClCompile>
    <ClCompile Include="Quadratic.cpp">
      <Filter>Source Files\Voting\Methods\Multi Winner\Sequential\Ordering Methods\Selection Only</Filter>
    </ClCompile>
    <ClCompile Include="SNTV.cpp">
      <Filter>Source Files\Voting\Methods\Multi Winner\Sequential\Ordering Methods\Selection Only</Filter>
    </ClCompile>
    <ClCompile Include="OldProportionalSTAR.cpp">
      <Filter>Source Files\Voting\Methods\Multi Winner\Sequential\Component Structured</Filter>
    </ClCompile>
    <ClCompile Include="SelectionComponent.cpp">
      <Filter>Source Files\Voting\Methods\Components\Selection Components\Base Class</Filter>
    </ClCompile>
    <ClCompile Include="ReweightingComponent.cpp">
      <Filter>Source Files\Voting\Methods\Components\Reweighting Components\Base Class</Filter>
    </ClCompile>
    <ClCompile Include="BlocPlurality.cpp">
      <Filter>Source Files\Voting\Methods\Multi Winner\Sequential</Filter>
    </ClCompile>
    <ClCompile Include="TransformComponent.cpp">
      <Filter>Source Files\Voting\Methods\Components\Transformation Components\Base Class</Filter>
    </ClCompile>
    <ClCompile Include="MultiWinnerMethod.cpp">
      <Filter>Source Files\Voting\Methods\Multi Winner\Base Class</Filter>
    </ClCompile>
    <ClCompile Include="MonroeApproval.cpp">
      <Filter>Source Files\Voting\Methods\Multi Winner\Optimal</Filter>
    </ClCompile>
    <ClCompile Include="MonroeScore.cpp">
      <Filter>Source Files\Voting\Methods\Multi Winner\Optimal</Filter>
    </ClCompile>
    <ClCompile Include="MonroeOrdinal.cpp">
      <Filter>Source Files\Voting\Methods\Multi Winner\Optimal</Filter>
    </ClCompile>
    <ClCompile Include="Ballot.cpp">
      <Filter>Source Files\Voting\Election\Components\Ballots\Base Class</Filter>
    </ClCompile>
    <ClCompile Include="OrdinalBallot.cpp">
      <Filter>Source Files\Voting\Election\Components\Ballots\Ordinal</Filter>
    </ClCompile>
    <ClCompile Include="ApprovalBallot.cpp">
      <Filter>Source Files\Voting\Election\Components\Ballots\Approval</Filter>
    </ClCompile>
    <ClCompile Include="FPTPBallot.cpp">
      <Filter>Source Files\Voting\Election\Components\Ballots\FPTP</Filter>
    </ClCompile>
    <ClCompile Include="CardinalBallot.cpp">
      <Filter>Source Files\Voting\Election\Components\Ballots\Cardinal</Filter>
    </ClCompile>
    <ClCompile Include="CappedCardinal.cpp">
      <Filter>Source Files\Voting\Election\Components\Ballots\Cardinal\With Additional Information</Filter>
    </ClCompile>
    <ClCompile Include="SubtractedCardinal.cpp">
      <Filter>Source Files\Voting\Election\Components\Ballots\Cardinal\With Additional Information</Filter>
    </ClCompile>
    <ClCompile Include="Election.cpp">
      <Filter>Source Files\Voting\Election\Components</Filter>
    </ClCompile>
    <ClCompile Include="Domain.cpp">
      <Filter>Source Files\Voting\Election\Components\Domain</Filter>
    </ClCompile>
  </ItemGroup>
  <ItemGroup>
    <ClInclude Include="Barycentric.h">
      <Filter>Resource Files</Filter>
    </ClInclude>
    <ClInclude Include="Vector2D.h">
      <Filter>Resource Files</Filter>
    </ClInclude>
    <ClInclude Include="ApportionmentAlgorithems.h">
      <Filter>Source Files\Voting\Temp</Filter>
    </ClInclude>
    <ClInclude Include="TemperaryMethods.h">
      <Filter>Source Files\Voting\Temp</Filter>
    </ClInclude>
    <ClInclude Include="MathFunctions.h">
      <Filter>Resource Files</Filter>
    </ClInclude>
    <ClInclude Include="Random.h">
      <Filter>Resource Files</Filter>
    </ClInclude>
    <ClInclude Include="Outcome.h">
      <Filter>Source Files\Voting\Election\Components\Results</Filter>
    </ClInclude>
    <ClInclude Include="LinearDivisor.h">
      <Filter>Source Files\Voting\Methods\Components\Reweighting Components</Filter>
    </ClInclude>
    <ClInclude Include="KPT.h">
      <Filter>Source Files\Voting\Methods\Components\Transformation Components</Filter>
    </ClInclude>
    <ClInclude Include="PT.h">
      <Filter>Source Files\Voting\Methods\Components\Transformation Components</Filter>
    </ClInclude>
    <ClInclude Include="ScoreSelection.h">
      <Filter>Source Files\Voting\Methods\Components\Selection Components</Filter>
    </ClInclude>
    <ClInclude Include="NoTransformation.h">
      <Filter>Source Files\Voting\Methods\Components\Transformation Components</Filter>
    </ClInclude>
    <ClInclude Include="SequentialEbert.h">
      <Filter>Source Files\Voting\Methods\Multi Winner\Sequential\Ordering Methods\Derived Ordering</Filter>
    </ClInclude>
    <ClInclude Include="MonroeOrdering.h">
      <Filter>Source Files\Voting\Methods\Multi Winner\Sequential\Ordering Methods\Derived Ordering</Filter>
    </ClInclude>
    <ClInclude Include="PSIOrdering.h">
      <Filter>Source Files\Voting\Methods\Multi Winner\Sequential\Ordering Methods\Derived Ordering</Filter>
    </ClInclude>
    <ClInclude Include="HarmonicPTOrdering.h">
      <Filter>Source Files\Voting\Methods\Multi Winner\Sequential\Ordering Methods\Derived Ordering</Filter>
    </ClInclude>
    <ClInclude Include="UnitaryOrdering.h">
      <Filter>Source Files\Voting\Methods\Multi Winner\Sequential\Ordering Methods\Derived Ordering</Filter>
    </ClInclude>
    <ClInclude Include="LeastSquaresOrdering.h">
      <Filter>Source Files\Voting\Methods\Multi Winner\Sequential\Ordering Methods\Derived Ordering</Filter>
    </ClInclude>
    <ClInclude Include="AllocatedScore.h">
      <Filter>Source Files\Voting\Methods\Multi Winner\Sequential\Component Structured</Filter>
    </ClInclude>
    <ClInclude Include="AllocatedSTAR.h">
      <Filter>Source Files\Voting\Methods\Multi Winner\Sequential\Component Structured</Filter>
    </ClInclude>
    <ClInclude Include="HareSelection.h">
      <Filter>Source Files\Voting\Methods\Components\Selection Components</Filter>
    </ClInclude>
    <ClInclude Include="STARSelection.h">
      <Filter>Source Files\Voting\Methods\Components\Selection Components</Filter>
    </ClInclude>
    <ClInclude Include="UnitaryCapping.h">
      <Filter>Source Files\Voting\Methods\Components\Reweighting Components</Filter>
    </ClInclude>
    <ClInclude Include="ComponentStructured.h">
      <Filter>Source Files\Voting\Methods\Multi Winner\Sequential\Component Structured\Base Class</Filter>
    </ClInclude>
    <ClInclude Include="OrderingMethod.h">
      <Filter>Source Files\Voting\Methods\Multi Winner\Sequential\Ordering Methods\Base Class</Filter>
    </ClInclude>
    <ClInclude Include="DerivedOrdering.h">
      <Filter>Source Files\Voting\Methods\Multi Winner\Sequential\Ordering Methods\Derived Ordering\Base Class</Filter>
    </ClInclude>
    <ClInclude Include="RRV.h">
      <Filter>Source Files\Voting\Methods\Multi Winner\Sequential\Ordering Methods</Filter>
    </ClInclude>
    <ClInclude Include="SPAV.h">
      <Filter>Source Files\Voting\Methods\Multi Winner\Sequential\Ordering Methods</Filter>
    </ClInclude>
    <ClInclude Include="SPSV.h">
      <Filter>Source Files\Voting\Methods\Multi Winner\Sequential\Ordering Methods</Filter>
    </ClInclude>
    <ClInclude Include="SequentialMethod.h">
      <Filter>Source Files\Voting\Methods\Multi Winner\Sequential\Base Class</Filter>
    </ClInclude>
    <ClInclude Include="OptimalMethod.h">
      <Filter>Source Files\Voting\Methods\Multi Winner\Optimal\Base Class</Filter>
    </ClInclude>
    <ClInclude Include="VotingMethod.h">
      <Filter>Source Files\Voting\Methods\Base Class</Filter>
    </ClInclude>
    <ClInclude Include="SingleWinnerMethod.h">
      <Filter>Source Files\Voting\Methods\Single Winner\Base Class</Filter>
    </ClInclude>
    <ClInclude Include="Ebert.h">
      <Filter>Source Files\Voting\Methods\Multi Winner\Optimal</Filter>
    </ClInclude>
    <ClInclude Include="Harmonic.h">
      <Filter>Source Files\Voting\Methods\Multi Winner\Optimal</Filter>
    </ClInclude>
    <ClInclude Include="HarmonicPT.h">
      <Filter>Source Files\Voting\Methods\Multi Winner\Optimal</Filter>
    </ClInclude>
    <ClInclude Include="LeastSquares.h">
      <Filter>Source Files\Voting\Methods\Multi Winner\Optimal</Filter>
    </ClInclude>
    <ClInclude Include="PAV.h">
      <Filter>Source Files\Voting\Methods\Multi Winner\Optimal</Filter>
    </ClInclude>
    <ClInclude Include="PSI.h">
      <Filter>Source Files\Voting\Methods\Multi Winner\Optimal</Filter>
    </ClInclude>
    <ClInclude Include="Unitary.h">
      <Filter>Source Files\Voting\Methods\Multi Winner\Optimal</Filter>
    </ClInclude>
    <ClInclude Include="SequentialMonroe.h">
      <Filter>Source Files\Voting\Methods\Multi Winner\Sequential</Filter>
    </ClInclude>
    <ClInclude Include="SequentiallySpentScore.h">
      <Filter>Source Files\Voting\Methods\Multi Winner\Sequential\Component Structured</Filter>
    </ClInclude>
    <ClInclude Include="PASMAC.h">
      <Filter>Source Files\Voting\Methods\Multi Winner\Optimal</Filter>
    </ClInclude>
    <ClInclude Include="PASMACOrdering.h">
      <Filter>Source Files\Voting\Methods\Multi Winner\Sequential\Ordering Methods\Derived Ordering</Filter>
    </ClInclude>
    <ClInclude Include="ApportionedScoreVoting.h">
      <Filter>Source Files\Voting\Methods\Multi Winner\Sequential\Component Structured\Non Standard Structure\Apportioned Cardinal Voting</Filter>
    </ClInclude>
    <ClInclude Include="ApportionedSTARVoting.h">
      <Filter>Source Files\Voting\Methods\Multi Winner\Sequential\Component Structured\Non Standard Structure\Apportioned Cardinal Voting</Filter>
    </ClInclude>
    <ClInclude Include="ReweightedSTAR.h">
      <Filter>Source Files\Voting\Methods\Multi Winner\Sequential\Component Structured\Non Standard Structure\Final Round Structure</Filter>
    </ClInclude>
    <ClInclude Include="SequentialMonroe_STAR.h">
      <Filter>Source Files\Voting\Methods\Multi Winner\Sequential\Component Structured\Non Standard Structure\Final Round Structure</Filter>
    </ClInclude>
    <ClInclude Include="ApportionedCardinalVoting.h">
      <Filter>Source Files\Voting\Methods\Multi Winner\Sequential\Component Structured\Non Standard Structure\Apportioned Cardinal Voting\Base Class</Filter>
    </ClInclude>
    <ClInclude Include="HareRRV.h">
      <Filter>Source Files\Voting\Methods\Multi Winner\Sequential\Component Structured</Filter>
    </ClInclude>
    <ClInclude Include="HareSPAV.h">
      <Filter>Source Files\Voting\Methods\Multi Winner\Sequential\Component Structured</Filter>
    </ClInclude>
    <ClInclude Include="HareSequentiallySpentScore.h">
      <Filter>Source Files\Voting\Methods\Multi Winner\Sequential\Component Structured</Filter>
    </ClInclude>
    <ClInclude Include="DistributedMultiWinner.h">
      <Filter>Source Files\Voting\Methods\Multi Winner\Sequential</Filter>
    </ClInclude>
    <ClInclude Include="STV.h">
      <Filter>Source Files\Voting\Methods\Multi Winner\Sequential</Filter>
    </ClInclude>
    <ClInclude Include="SchulzeSTV.h">
      <Filter>Source Files\Voting\Methods\Multi Winner\Optimal\Non Standard Optimal</Filter>
    </ClInclude>
    <ClInclude Include="CPOSTV.h">
      <Filter>Source Files\Voting\Methods\Multi Winner\Optimal\Non Standard Optimal</Filter>
    </ClInclude>
    <ClInclude Include="DirectSmithSetScore.h">
      <Filter>Source Files\Voting\Methods\Multi Winner\Optimal\Non Standard Optimal</Filter>
    </ClInclude>
    <ClInclude Include="InderectSmithSetScore.h">
      <Filter>Source Files\Voting\Methods\Multi Winner\Optimal\Non Standard Optimal</Filter>
    </ClInclude>
    <ClInclude Include="BlocApproval.h">
      <Filter>Source Files\Voting\Methods\Multi Winner\Sequential\Ordering Methods\Selection Only</Filter>
    </ClInclude>
    <ClInclude Include="BlocSource.h">
      <Filter>Source Files\Voting\Methods\Multi Winner\Sequential\Ordering Methods\Selection Only</Filter>
    </ClInclude>
    <ClInclude Include="BlocSTAR.h">
      <Filter>Source Files\Voting\Methods\Multi Winner\Sequential\Ordering Methods\Selection Only</Filter>
    </ClInclude>
    <ClInclude Include="Cumulative.h">
      <Filter>Source Files\Voting\Methods\Multi Winner\Sequential\Ordering Methods\Selection Only</Filter>
    </ClInclude>
    <ClInclude Include="Quadratic.h">
      <Filter>Source Files\Voting\Methods\Multi Winner\Sequential\Ordering Methods\Selection Only</Filter>
    </ClInclude>
    <ClInclude Include="SNTV.h">
      <Filter>Source Files\Voting\Methods\Multi Winner\Sequential\Ordering Methods\Selection Only</Filter>
    </ClInclude>
    <ClInclude Include="OldProportionalSTAR.h">
      <Filter>Source Files\Voting\Methods\Multi Winner\Sequential\Component Structured</Filter>
    </ClInclude>
    <ClInclude Include="SelectionComponent.h">
      <Filter>Source Files\Voting\Methods\Components\Selection Components\Base Class</Filter>
    </ClInclude>
    <ClInclude Include="ReweightingComponent.h">
      <Filter>Source Files\Voting\Methods\Components\Reweighting Components\Base Class</Filter>
    </ClInclude>
    <ClInclude Include="BlocPlurality.h">
      <Filter>Source Files\Voting\Methods\Multi Winner\Sequential</Filter>
    </ClInclude>
    <ClInclude Include="TransformComponent.h">
      <Filter>Source Files\Voting\Methods\Components\Transformation Components\Base Class</Filter>
    </ClInclude>
    <ClInclude Include="MultiWinnerMethod.h">
      <Filter>Source Files\Voting\Methods\Multi Winner\Base Class</Filter>
    </ClInclude>
    <ClInclude Include="MonroeApproval.h">
      <Filter>Source Files\Voting\Methods\Multi Winner\Optimal</Filter>
    </ClInclude>
    <ClInclude Include="MonroeScore.h">
      <Filter>Source Files\Voting\Methods\Multi Winner\Optimal</Filter>
    </ClInclude>
    <ClInclude Include="MonroeOrdinal.h">
      <Filter>Source Files\Voting\Methods\Multi Winner\Optimal</Filter>
    </ClInclude>
    <ClInclude Include="Ballot.h">
      <Filter>Source Files\Voting\Election\Components\Ballots\Base Class</Filter>
    </ClInclude>
    <ClInclude Include="OrdinalBallot.h">
      <Filter>Source Files\Voting\Election\Components\Ballots\Ordinal</Filter>
    </ClInclude>
    <ClInclude Include="ApprovalBallot.h">
      <Filter>Source Files\Voting\Election\Components\Ballots\Approval</Filter>
    </ClInclude>
    <ClInclude Include="FPTPBallot.h">
      <Filter>Source Files\Voting\Election\Components\Ballots\FPTP</Filter>
    </ClInclude>
    <ClInclude Include="CardinalBallot.h">
      <Filter>Source Files\Voting\Election\Components\Ballots\Cardinal</Filter>
    </ClInclude>
    <ClInclude Include="CappedCardinal.h">
      <Filter>Source Files\Voting\Election\Components\Ballots\Cardinal\With Additional Information</Filter>
    </ClInclude>
    <ClInclude Include="SubtractedCardinal.h">
      <Filter>Source Files\Voting\Election\Components\Ballots\Cardinal\With Additional Information</Filter>
    </ClInclude>
    <ClInclude Include="Election.h">
      <Filter>Source Files\Voting\Election\Components</Filter>
    </ClInclude>
    <ClInclude Include="Domain.h">
      <Filter>Source Files\Voting\Election\Components\Domain</Filter>
    </ClInclude>
  </ItemGroup>
</Project>